// !$*UTF8*$!
{
	archiveVersion = 1;
	classes = {
	};
	objectVersion = 46;
	objects = {

/* Begin PBXBuildFile section */
		9B8A2EC03DE3E9BF8F27B2F7 /* Pods_FinalAsses.framework in Frameworks */ = {isa = PBXBuildFile; fileRef = 1F842F820469652CF76C3912 /* Pods_FinalAsses.framework */; };
		AF4CD5F21E0A1C5B00AFF957 /* AppDelegate.swift in Sources */ = {isa = PBXBuildFile; fileRef = AF4CD5F11E0A1C5B00AFF957 /* AppDelegate.swift */; };
		AF4CD5F41E0A1C5B00AFF957 /* LoginViewController.swift in Sources */ = {isa = PBXBuildFile; fileRef = AF4CD5F31E0A1C5B00AFF957 /* LoginViewController.swift */; };
		AF4CD5F71E0A1C5B00AFF957 /* Main.storyboard in Resources */ = {isa = PBXBuildFile; fileRef = AF4CD5F51E0A1C5B00AFF957 /* Main.storyboard */; };
		AF4CD5F91E0A1C5B00AFF957 /* Assets.xcassets in Resources */ = {isa = PBXBuildFile; fileRef = AF4CD5F81E0A1C5B00AFF957 /* Assets.xcassets */; };
		AF4CD5FC1E0A1C5B00AFF957 /* LaunchScreen.storyboard in Resources */ = {isa = PBXBuildFile; fileRef = AF4CD5FA1E0A1C5B00AFF957 /* LaunchScreen.storyboard */; };
		AF4CD6061E0A23D600AFF957 /* GoogleService-Info.plist in Resources */ = {isa = PBXBuildFile; fileRef = AF4CD6051E0A23D600AFF957 /* GoogleService-Info.plist */; };
		AF4CD60B1E0A2A6700AFF957 /* SignUpViewController.swift in Sources */ = {isa = PBXBuildFile; fileRef = AF4CD60A1E0A2A6700AFF957 /* SignUpViewController.swift */; };
		AF4CD60D1E0A393700AFF957 /* MatchCandidateListViewController.swift in Sources */ = {isa = PBXBuildFile; fileRef = AF4CD60C1E0A393700AFF957 /* MatchCandidateListViewController.swift */; };
		AF4CD60F1E0A39D500AFF957 /* MatchCandidateListTableViewCell.swift in Sources */ = {isa = PBXBuildFile; fileRef = AF4CD60E1E0A39D500AFF957 /* MatchCandidateListTableViewCell.swift */; };
		AF4CD6111E0A3AFF00AFF957 /* ProfileViewController.swift in Sources */ = {isa = PBXBuildFile; fileRef = AF4CD6101E0A3AFF00AFF957 /* ProfileViewController.swift */; };
		AF4CD6131E0A3B1700AFF957 /* MatchedProfileViewController.swift in Sources */ = {isa = PBXBuildFile; fileRef = AF4CD6121E0A3B1700AFF957 /* MatchedProfileViewController.swift */; };
		AF4CD6151E0A3B3600AFF957 /* CandidateDetailViewController.swift in Sources */ = {isa = PBXBuildFile; fileRef = AF4CD6141E0A3B3600AFF957 /* CandidateDetailViewController.swift */; };
		AF4CD6171E0A536B00AFF957 /* MatchedProfileTableViewCell.swift in Sources */ = {isa = PBXBuildFile; fileRef = AF4CD6161E0A536B00AFF957 /* MatchedProfileTableViewCell.swift */; };
/* End PBXBuildFile section */

/* Begin PBXFileReference section */
		1F842F820469652CF76C3912 /* Pods_FinalAsses.framework */ = {isa = PBXFileReference; explicitFileType = wrapper.framework; includeInIndex = 0; path = Pods_FinalAsses.framework; sourceTree = BUILT_PRODUCTS_DIR; };
		A71A3AD11BD9AA162F5E601D /* Pods-FinalAsses.release.xcconfig */ = {isa = PBXFileReference; includeInIndex = 1; lastKnownFileType = text.xcconfig; name = "Pods-FinalAsses.release.xcconfig"; path = "Pods/Target Support Files/Pods-FinalAsses/Pods-FinalAsses.release.xcconfig"; sourceTree = "<group>"; };
		AF4CD5EE1E0A1C5B00AFF957 /* FinalAsses.app */ = {isa = PBXFileReference; explicitFileType = wrapper.application; includeInIndex = 0; path = FinalAsses.app; sourceTree = BUILT_PRODUCTS_DIR; };
		AF4CD5F11E0A1C5B00AFF957 /* AppDelegate.swift */ = {isa = PBXFileReference; lastKnownFileType = sourcecode.swift; path = AppDelegate.swift; sourceTree = "<group>"; };
		AF4CD5F31E0A1C5B00AFF957 /* LoginViewController.swift */ = {isa = PBXFileReference; lastKnownFileType = sourcecode.swift; path = LoginViewController.swift; sourceTree = "<group>"; };
		AF4CD5F61E0A1C5B00AFF957 /* Base */ = {isa = PBXFileReference; lastKnownFileType = file.storyboard; name = Base; path = Base.lproj/Main.storyboard; sourceTree = "<group>"; };
		AF4CD5F81E0A1C5B00AFF957 /* Assets.xcassets */ = {isa = PBXFileReference; lastKnownFileType = folder.assetcatalog; path = Assets.xcassets; sourceTree = "<group>"; };
		AF4CD5FB1E0A1C5B00AFF957 /* Base */ = {isa = PBXFileReference; lastKnownFileType = file.storyboard; name = Base; path = Base.lproj/LaunchScreen.storyboard; sourceTree = "<group>"; };
		AF4CD5FD1E0A1C5B00AFF957 /* Info.plist */ = {isa = PBXFileReference; lastKnownFileType = text.plist.xml; path = Info.plist; sourceTree = "<group>"; };
		AF4CD6051E0A23D600AFF957 /* GoogleService-Info.plist */ = {isa = PBXFileReference; fileEncoding = 4; lastKnownFileType = text.plist.xml; path = "GoogleService-Info.plist"; sourceTree = "<group>"; };
		AF4CD60A1E0A2A6700AFF957 /* SignUpViewController.swift */ = {isa = PBXFileReference; fileEncoding = 4; lastKnownFileType = sourcecode.swift; path = SignUpViewController.swift; sourceTree = "<group>"; };
		AF4CD60C1E0A393700AFF957 /* MatchCandidateListViewController.swift */ = {isa = PBXFileReference; fileEncoding = 4; lastKnownFileType = sourcecode.swift; path = MatchCandidateListViewController.swift; sourceTree = "<group>"; };
		AF4CD60E1E0A39D500AFF957 /* MatchCandidateListTableViewCell.swift */ = {isa = PBXFileReference; fileEncoding = 4; lastKnownFileType = sourcecode.swift; path = MatchCandidateListTableViewCell.swift; sourceTree = "<group>"; };
		AF4CD6101E0A3AFF00AFF957 /* ProfileViewController.swift */ = {isa = PBXFileReference; fileEncoding = 4; lastKnownFileType = sourcecode.swift; path = ProfileViewController.swift; sourceTree = "<group>"; };
		AF4CD6121E0A3B1700AFF957 /* MatchedProfileViewController.swift */ = {isa = PBXFileReference; fileEncoding = 4; lastKnownFileType = sourcecode.swift; path = MatchedProfileViewController.swift; sourceTree = "<group>"; };
		AF4CD6141E0A3B3600AFF957 /* CandidateDetailViewController.swift */ = {isa = PBXFileReference; fileEncoding = 4; lastKnownFileType = sourcecode.swift; path = CandidateDetailViewController.swift; sourceTree = "<group>"; };
		AF4CD6161E0A536B00AFF957 /* MatchedProfileTableViewCell.swift */ = {isa = PBXFileReference; fileEncoding = 4; lastKnownFileType = sourcecode.swift; path = MatchedProfileTableViewCell.swift; sourceTree = "<group>"; };
		B19FE19C9FE9EAABC7645575 /* Pods-FinalAsses.debug.xcconfig */ = {isa = PBXFileReference; includeInIndex = 1; lastKnownFileType = text.xcconfig; name = "Pods-FinalAsses.debug.xcconfig"; path = "Pods/Target Support Files/Pods-FinalAsses/Pods-FinalAsses.debug.xcconfig"; sourceTree = "<group>"; };
/* End PBXFileReference section */

/* Begin PBXFrameworksBuildPhase section */
		AF4CD5EB1E0A1C5B00AFF957 /* Frameworks */ = {
			isa = PBXFrameworksBuildPhase;
			buildActionMask = 2147483647;
			files = (
				9B8A2EC03DE3E9BF8F27B2F7 /* Pods_FinalAsses.framework in Frameworks */,
			);
			runOnlyForDeploymentPostprocessing = 0;
		};
/* End PBXFrameworksBuildPhase section */

/* Begin PBXGroup section */
		8BCC00B706F80FBB07EB6898 /* Frameworks */ = {
			isa = PBXGroup;
			children = (
				1F842F820469652CF76C3912 /* Pods_FinalAsses.framework */,
			);
			name = Frameworks;
			sourceTree = "<group>";
		};
		AF4CD5E51E0A1C5B00AFF957 = {
			isa = PBXGroup;
			children = (
				AF4CD5F01E0A1C5B00AFF957 /* FinalAsses */,
				AF4CD5EF1E0A1C5B00AFF957 /* Products */,
				C292D83FDBB0539E0C3386FA /* Pods */,
				8BCC00B706F80FBB07EB6898 /* Frameworks */,
			);
			sourceTree = "<group>";
		};
		AF4CD5EF1E0A1C5B00AFF957 /* Products */ = {
			isa = PBXGroup;
			children = (
				AF4CD5EE1E0A1C5B00AFF957 /* FinalAsses.app */,
			);
			name = Products;
			sourceTree = "<group>";
		};
		AF4CD5F01E0A1C5B00AFF957 /* FinalAsses */ = {
			isa = PBXGroup;
			children = (
				AF4CD5F11E0A1C5B00AFF957 /* AppDelegate.swift */,
				AF4CD5F51E0A1C5B00AFF957 /* Main.storyboard */,
				AF4CD5F81E0A1C5B00AFF957 /* Assets.xcassets */,
				AF4CD5FA1E0A1C5B00AFF957 /* LaunchScreen.storyboard */,
				AF4CD5FD1E0A1C5B00AFF957 /* Info.plist */,
				AF4CD6051E0A23D600AFF957 /* GoogleService-Info.plist */,
				AF4CD6091E0A27F600AFF957 /* helpers */,
				AF4CD6081E0A27ED00AFF957 /* TableCell */,
				AF4CD6071E0A27E100AFF957 /* ViewController */,
			);
			path = FinalAsses;
			sourceTree = "<group>";
		};
		AF4CD6071E0A27E100AFF957 /* ViewController */ = {
			isa = PBXGroup;
			children = (
				AF4CD5F31E0A1C5B00AFF957 /* LoginViewController.swift */,
				AF4CD60A1E0A2A6700AFF957 /* SignUpViewController.swift */,
				AF4CD60C1E0A393700AFF957 /* MatchCandidateListViewController.swift */,
				AF4CD6101E0A3AFF00AFF957 /* ProfileViewController.swift */,
				AF4CD6121E0A3B1700AFF957 /* MatchedProfileViewController.swift */,
				AF4CD6141E0A3B3600AFF957 /* CandidateDetailViewController.swift */,
			);
			name = ViewController;
			sourceTree = "<group>";
		};
		AF4CD6081E0A27ED00AFF957 /* TableCell */ = {
			isa = PBXGroup;
			children = (
				AF4CD60E1E0A39D500AFF957 /* MatchCandidateListTableViewCell.swift */,
				AF4CD6161E0A536B00AFF957 /* MatchedProfileTableViewCell.swift */,
			);
			name = TableCell;
			sourceTree = "<group>";
		};
		AF4CD6091E0A27F600AFF957 /* helpers */ = {
			isa = PBXGroup;
			children = (
			);
			name = helpers;
			sourceTree = "<group>";
		};
		C292D83FDBB0539E0C3386FA /* Pods */ = {
			isa = PBXGroup;
			children = (
				B19FE19C9FE9EAABC7645575 /* Pods-FinalAsses.debug.xcconfig */,
				A71A3AD11BD9AA162F5E601D /* Pods-FinalAsses.release.xcconfig */,
			);
			name = Pods;
			sourceTree = "<group>";
		};
/* End PBXGroup section */

/* Begin PBXNativeTarget section */
		AF4CD5ED1E0A1C5B00AFF957 /* FinalAsses */ = {
			isa = PBXNativeTarget;
			buildConfigurationList = AF4CD6001E0A1C5B00AFF957 /* Build configuration list for PBXNativeTarget "FinalAsses" */;
			buildPhases = (
				C709BAD680802A3E72EAF8F2 /* [CP] Check Pods Manifest.lock */,
				AF4CD5EA1E0A1C5B00AFF957 /* Sources */,
				AF4CD5EB1E0A1C5B00AFF957 /* Frameworks */,
				AF4CD5EC1E0A1C5B00AFF957 /* Resources */,
				17A4222EDA94947DFFADE3AB /* [CP] Embed Pods Frameworks */,
				F5770B3BA3E357A9E5A7D154 /* [CP] Copy Pods Resources */,
			);
			buildRules = (
			);
			dependencies = (
			);
			name = FinalAsses;
			productName = FinalAsses;
			productReference = AF4CD5EE1E0A1C5B00AFF957 /* FinalAsses.app */;
			productType = "com.apple.product-type.application";
		};
/* End PBXNativeTarget section */

/* Begin PBXProject section */
		AF4CD5E61E0A1C5B00AFF957 /* Project object */ = {
			isa = PBXProject;
			attributes = {
				LastSwiftUpdateCheck = 0820;
				LastUpgradeCheck = 0820;
				ORGANIZATIONNAME = Calvin.kl;
				TargetAttributes = {
					AF4CD5ED1E0A1C5B00AFF957 = {
						CreatedOnToolsVersion = 8.2;
						DevelopmentTeam = 887UUJEAD3;
						ProvisioningStyle = Automatic;
					};
				};
			};
			buildConfigurationList = AF4CD5E91E0A1C5B00AFF957 /* Build configuration list for PBXProject "FinalAsses" */;
			compatibilityVersion = "Xcode 3.2";
			developmentRegion = English;
			hasScannedForEncodings = 0;
			knownRegions = (
				en,
				Base,
			);
			mainGroup = AF4CD5E51E0A1C5B00AFF957;
			productRefGroup = AF4CD5EF1E0A1C5B00AFF957 /* Products */;
			projectDirPath = "";
			projectRoot = "";
			targets = (
				AF4CD5ED1E0A1C5B00AFF957 /* FinalAsses */,
			);
		};
/* End PBXProject section */

/* Begin PBXResourcesBuildPhase section */
		AF4CD5EC1E0A1C5B00AFF957 /* Resources */ = {
			isa = PBXResourcesBuildPhase;
			buildActionMask = 2147483647;
			files = (
				AF4CD5FC1E0A1C5B00AFF957 /* LaunchScreen.storyboard in Resources */,
				AF4CD6061E0A23D600AFF957 /* GoogleService-Info.plist in Resources */,
				AF4CD5F91E0A1C5B00AFF957 /* Assets.xcassets in Resources */,
				AF4CD5F71E0A1C5B00AFF957 /* Main.storyboard in Resources */,
			);
			runOnlyForDeploymentPostprocessing = 0;
		};
/* End PBXResourcesBuildPhase section */

/* Begin PBXShellScriptBuildPhase section */
		17A4222EDA94947DFFADE3AB /* [CP] Embed Pods Frameworks */ = {
			isa = PBXShellScriptBuildPhase;
			buildActionMask = 2147483647;
			files = (
			);
			inputPaths = (
			);
			name = "[CP] Embed Pods Frameworks";
			outputPaths = (
			);
			runOnlyForDeploymentPostprocessing = 0;
			shellPath = /bin/sh;
			shellScript = "\"${SRCROOT}/Pods/Target Support Files/Pods-FinalAsses/Pods-FinalAsses-frameworks.sh\"\n";
			showEnvVarsInLog = 0;
		};
		C709BAD680802A3E72EAF8F2 /* [CP] Check Pods Manifest.lock */ = {
			isa = PBXShellScriptBuildPhase;
			buildActionMask = 2147483647;
			files = (
			);
			inputPaths = (
			);
			name = "[CP] Check Pods Manifest.lock";
			outputPaths = (
			);
			runOnlyForDeploymentPostprocessing = 0;
			shellPath = /bin/sh;
			shellScript = "diff \"${PODS_ROOT}/../Podfile.lock\" \"${PODS_ROOT}/Manifest.lock\" > /dev/null\nif [ $? != 0 ] ; then\n    # print error to STDERR\n    echo \"error: The sandbox is not in sync with the Podfile.lock. Run 'pod install' or update your CocoaPods installation.\" >&2\n    exit 1\nfi\n";
			showEnvVarsInLog = 0;
		};
		F5770B3BA3E357A9E5A7D154 /* [CP] Copy Pods Resources */ = {
			isa = PBXShellScriptBuildPhase;
			buildActionMask = 2147483647;
			files = (
			);
			inputPaths = (
			);
			name = "[CP] Copy Pods Resources";
			outputPaths = (
			);
			runOnlyForDeploymentPostprocessing = 0;
			shellPath = /bin/sh;
			shellScript = "\"${SRCROOT}/Pods/Target Support Files/Pods-FinalAsses/Pods-FinalAsses-resources.sh\"\n";
			showEnvVarsInLog = 0;
		};
/* End PBXShellScriptBuildPhase section */

/* Begin PBXSourcesBuildPhase section */
		AF4CD5EA1E0A1C5B00AFF957 /* Sources */ = {
			isa = PBXSourcesBuildPhase;
			buildActionMask = 2147483647;
			files = (
				AF4CD6171E0A536B00AFF957 /* MatchedProfileTableViewCell.swift in Sources */,
				AF4CD6111E0A3AFF00AFF957 /* ProfileViewController.swift in Sources */,
				AF4CD60F1E0A39D500AFF957 /* MatchCandidateListTableViewCell.swift in Sources */,
				AF4CD60B1E0A2A6700AFF957 /* SignUpViewController.swift in Sources */,
				AF4CD6131E0A3B1700AFF957 /* MatchedProfileViewController.swift in Sources */,
				AF4CD5F41E0A1C5B00AFF957 /* LoginViewController.swift in Sources */,
				AF4CD6151E0A3B3600AFF957 /* CandidateDetailViewController.swift in Sources */,
				AF4CD60D1E0A393700AFF957 /* MatchCandidateListViewController.swift in Sources */,
				AF4CD5F21E0A1C5B00AFF957 /* AppDelegate.swift in Sources */,
			);
			runOnlyForDeploymentPostprocessing = 0;
		};
/* End PBXSourcesBuildPhase section */

/* Begin PBXVariantGroup section */
		AF4CD5F51E0A1C5B00AFF957 /* Main.storyboard */ = {
			isa = PBXVariantGroup;
			children = (
				AF4CD5F61E0A1C5B00AFF957 /* Base */,
			);
			name = Main.storyboard;
			sourceTree = "<group>";
		};
		AF4CD5FA1E0A1C5B00AFF957 /* LaunchScreen.storyboard */ = {
			isa = PBXVariantGroup;
			children = (
				AF4CD5FB1E0A1C5B00AFF957 /* Base */,
			);
			name = LaunchScreen.storyboard;
			sourceTree = "<group>";
		};
/* End PBXVariantGroup section */

/* Begin XCBuildConfiguration section */
		AF4CD5FE1E0A1C5B00AFF957 /* Debug */ = {
			isa = XCBuildConfiguration;
			buildSettings = {
				ALWAYS_SEARCH_USER_PATHS = NO;
				CLANG_ANALYZER_NONNULL = YES;
				CLANG_CXX_LANGUAGE_STANDARD = "gnu++0x";
				CLANG_CXX_LIBRARY = "libc++";
				CLANG_ENABLE_MODULES = YES;
				CLANG_ENABLE_OBJC_ARC = YES;
				CLANG_WARN_BOOL_CONVERSION = YES;
				CLANG_WARN_CONSTANT_CONVERSION = YES;
				CLANG_WARN_DIRECT_OBJC_ISA_USAGE = YES_ERROR;
				CLANG_WARN_DOCUMENTATION_COMMENTS = YES;
				CLANG_WARN_EMPTY_BODY = YES;
				CLANG_WARN_ENUM_CONVERSION = YES;
				CLANG_WARN_INFINITE_RECURSION = YES;
				CLANG_WARN_INT_CONVERSION = YES;
				CLANG_WARN_OBJC_ROOT_CLASS = YES_ERROR;
				CLANG_WARN_SUSPICIOUS_MOVE = YES;
				CLANG_WARN_UNREACHABLE_CODE = YES;
				CLANG_WARN__DUPLICATE_METHOD_MATCH = YES;
				"CODE_SIGN_IDENTITY[sdk=iphoneos*]" = "iPhone Developer";
				COPY_PHASE_STRIP = NO;
				DEBUG_INFORMATION_FORMAT = dwarf;
				ENABLE_STRICT_OBJC_MSGSEND = YES;
				ENABLE_TESTABILITY = YES;
				GCC_C_LANGUAGE_STANDARD = gnu99;
				GCC_DYNAMIC_NO_PIC = NO;
				GCC_NO_COMMON_BLOCKS = YES;
				GCC_OPTIMIZATION_LEVEL = 0;
				GCC_PREPROCESSOR_DEFINITIONS = (
					"DEBUG=1",
					"$(inherited)",
				);
				GCC_WARN_64_TO_32_BIT_CONVERSION = YES;
				GCC_WARN_ABOUT_RETURN_TYPE = YES_ERROR;
				GCC_WARN_UNDECLARED_SELECTOR = YES;
				GCC_WARN_UNINITIALIZED_AUTOS = YES_AGGRESSIVE;
				GCC_WARN_UNUSED_FUNCTION = YES;
				GCC_WARN_UNUSED_VARIABLE = YES;
				IPHONEOS_DEPLOYMENT_TARGET = 10.2;
				MTL_ENABLE_DEBUG_INFO = YES;
				ONLY_ACTIVE_ARCH = YES;
				SDKROOT = iphoneos;
				SWIFT_ACTIVE_COMPILATION_CONDITIONS = DEBUG;
				SWIFT_OPTIMIZATION_LEVEL = "-Onone";
				TARGETED_DEVICE_FAMILY = "1,2";
			};
			name = Debug;
		};
		AF4CD5FF1E0A1C5B00AFF957 /* Release */ = {
			isa = XCBuildConfiguration;
			buildSettings = {
				ALWAYS_SEARCH_USER_PATHS = NO;
				CLANG_ANALYZER_NONNULL = YES;
				CLANG_CXX_LANGUAGE_STANDARD = "gnu++0x";
				CLANG_CXX_LIBRARY = "libc++";
				CLANG_ENABLE_MODULES = YES;
				CLANG_ENABLE_OBJC_ARC = YES;
				CLANG_WARN_BOOL_CONVERSION = YES;
				CLANG_WARN_CONSTANT_CONVERSION = YES;
				CLANG_WARN_DIRECT_OBJC_ISA_USAGE = YES_ERROR;
				CLANG_WARN_DOCUMENTATION_COMMENTS = YES;
				CLANG_WARN_EMPTY_BODY = YES;
				CLANG_WARN_ENUM_CONVERSION = YES;
				CLANG_WARN_INFINITE_RECURSION = YES;
				CLANG_WARN_INT_CONVERSION = YES;
				CLANG_WARN_OBJC_ROOT_CLASS = YES_ERROR;
				CLANG_WARN_SUSPICIOUS_MOVE = YES;
				CLANG_WARN_UNREACHABLE_CODE = YES;
				CLANG_WARN__DUPLICATE_METHOD_MATCH = YES;
				"CODE_SIGN_IDENTITY[sdk=iphoneos*]" = "iPhone Developer";
				COPY_PHASE_STRIP = NO;
				DEBUG_INFORMATION_FORMAT = "dwarf-with-dsym";
				ENABLE_NS_ASSERTIONS = NO;
				ENABLE_STRICT_OBJC_MSGSEND = YES;
				GCC_C_LANGUAGE_STANDARD = gnu99;
				GCC_NO_COMMON_BLOCKS = YES;
				GCC_WARN_64_TO_32_BIT_CONVERSION = YES;
				GCC_WARN_ABOUT_RETURN_TYPE = YES_ERROR;
				GCC_WARN_UNDECLARED_SELECTOR = YES;
				GCC_WARN_UNINITIALIZED_AUTOS = YES_AGGRESSIVE;
				GCC_WARN_UNUSED_FUNCTION = YES;
				GCC_WARN_UNUSED_VARIABLE = YES;
				IPHONEOS_DEPLOYMENT_TARGET = 10.2;
				MTL_ENABLE_DEBUG_INFO = NO;
				SDKROOT = iphoneos;
				SWIFT_OPTIMIZATION_LEVEL = "-Owholemodule";
				TARGETED_DEVICE_FAMILY = "1,2";
				VALIDATE_PRODUCT = YES;
			};
			name = Release;
		};
		AF4CD6011E0A1C5B00AFF957 /* Debug */ = {
			isa = XCBuildConfiguration;
			baseConfigurationReference = B19FE19C9FE9EAABC7645575 /* Pods-FinalAsses.debug.xcconfig */;
			buildSettings = {
				ASSETCATALOG_COMPILER_APPICON_NAME = AppIcon;
				DEVELOPMENT_TEAM = 887UUJEAD3;
				INFOPLIST_FILE = FinalAsses/Info.plist;
				LD_RUNPATH_SEARCH_PATHS = "$(inherited) @executable_path/Frameworks";
				PRODUCT_BUNDLE_IDENTIFIER = com.calvin.kl.FinalAsses;
				PRODUCT_NAME = "$(TARGET_NAME)";
				SWIFT_VERSION = 3.0;
			};
			name = Debug;
		};
		AF4CD6021E0A1C5B00AFF957 /* Release */ = {
			isa = XCBuildConfiguration;
			baseConfigurationReference = A71A3AD11BD9AA162F5E601D /* Pods-FinalAsses.release.xcconfig */;
			buildSettings = {
				ASSETCATALOG_COMPILER_APPICON_NAME = AppIcon;
				DEVELOPMENT_TEAM = 887UUJEAD3;
				INFOPLIST_FILE = FinalAsses/Info.plist;
				LD_RUNPATH_SEARCH_PATHS = "$(inherited) @executable_path/Frameworks";
				PRODUCT_BUNDLE_IDENTIFIER = com.calvin.kl.FinalAsses;
				PRODUCT_NAME = "$(TARGET_NAME)";
				SWIFT_VERSION = 3.0;
			};
			name = Release;
		};
/* End XCBuildConfiguration section */

/* Begin XCConfigurationList section */
		AF4CD5E91E0A1C5B00AFF957 /* Build configuration list for PBXProject "FinalAsses" */ = {
			isa = XCConfigurationList;
			buildConfigurations = (
				AF4CD5FE1E0A1C5B00AFF957 /* Debug */,
				AF4CD5FF1E0A1C5B00AFF957 /* Release */,
			);
			defaultConfigurationIsVisible = 0;
			defaultConfigurationName = Release;
		};
		AF4CD6001E0A1C5B00AFF957 /* Build configuration list for PBXNativeTarget "FinalAsses" */ = {
			isa = XCConfigurationList;
			buildConfigurations = (
				AF4CD6011E0A1C5B00AFF957 /* Debug */,
				AF4CD6021E0A1C5B00AFF957 /* Release */,
			);
			defaultConfigurationIsVisible = 0;
			defaultConfigurationName = Release;
		};
/* End XCConfigurationList section */
	};
	rootObject = AF4CD5E61E0A1C5B00AFF957 /* Project object */;
}
